
Microsoft Visual Studio Solution File, Format Version 12.00
# Visual Studio Version 17
VisualStudioVersion = 17.14.36109.1 d17.14
MinimumVisualStudioVersion = 10.0.40219.1
Project("{FAE04EC0-301F-11D3-BF4B-00C04F79EFBC}") = "ParkingHelp", "ParkingHelp\ParkingHelp.csproj", "{9EF7710C-DB21-47A7-B41D-DE048FF2CBBF}"
EndProject
Global
	GlobalSection(SolutionConfigurationPlatforms) = preSolution
		Debug|Any CPU = Debug|Any CPU
		Release|Any CPU = Release|Any CPU
	EndGlobalSection
	GlobalSection(ProjectConfigurationPlatforms) = postSolution
		{9EF7710C-DB21-47A7-B41D-DE048FF2CBBF}.Debug|Any CPU.ActiveCfg = Debug|Any CPU
		{9EF7710C-DB21-47A7-B41D-DE048FF2CBBF}.Debug|Any CPU.Build.0 = Debug|Any CPU
		{9EF7710C-DB21-47A7-B41D-DE048FF2CBBF}.Release|Any CPU.ActiveCfg = Release|Any CPU
		{9EF7710C-DB21-47A7-B41D-DE048FF2CBBF}.Release|Any CPU.Build.0 = Release|Any CPU
	EndGlobalSection
	GlobalSection(SolutionProperties) = preSolution
		HideSolutionNode = FALSE
	EndGlobalSection
	GlobalSection(ExtensibilityGlobals) = postSolution
		SolutionGuid = {55E16826-9BB1-48F1-9D31-DD149828C46F}
	EndGlobalSection
EndGlobal
